{
  "name": "stratum-proxy",
  "version": "0.0.3",
  "lockfileVersion": 1,
  "requires": true,
  "dependencies": {
    "parser-toolkit": {
      "version": "0.0.5",
      "resolved": "https://registry.npmjs.org/parser-toolkit/-/parser-toolkit-0.0.5.tgz",
      "integrity": "sha1-7EthcpyGMYtW6pcb+6azxnLWLAE="
    },
    "stream-json": {
      "version": "0.6.1",
      "resolved": "https://registry.npmjs.org/stream-json/-/stream-json-0.6.1.tgz",
      "integrity": "sha512-Tmhl5yUVusgkgCiWnoHD1BA8/LqFX5/OlYj+YMCgUuUMjbacQvSWV8p1grbKvzP6s4EBS4nK5WNsMHX7kugzyg==",
      "requires": {
        "parser-toolkit": "0.0.5"
      }
    }
  }
}
